
Microsoft Visual Studio Solution File, Format Version 12.00
# Visual Studio Version 17
VisualStudioVersion = 17.3.32811.315
MinimumVisualStudioVersion = 10.0.40219.1
Project("{FAE04EC0-301F-11D3-BF4B-00C04F79EFBC}") = "ListViewExample.Android", "ListViewExample\ListViewExample.Android\ListViewExample.Android.csproj", "{380FD098-36A3-4847-B057-C4CDF38D3D60}"
EndProject
Project("{FAE04EC0-301F-11D3-BF4B-00C04F79EFBC}") = "ListViewExample.iOS", "ListViewExample\ListViewExample.iOS\ListViewExample.iOS.csproj", "{20D565A0-6BE4-43E8-9E90-979B29298639}"
EndProject
Project("{FAE04EC0-301F-11D3-BF4B-00C04F79EFBC}") = "ListViewExample", "ListViewExample\ListViewExample\ListViewExample.csproj", "{42D3808C-B147-4A8D-89F3-EA5D83C1E41B}"
EndProject
Global
	GlobalSection(SolutionConfigurationPlatforms) = preSolution
		Debug|Any CPU = Debug|Any CPU
		Debug|iPhone = Debug|iPhone
		Debug|iPhoneSimulator = Debug|iPhoneSimulator
		Release|Any CPU = Release|Any CPU
		Release|iPhone = Release|iPhone
		Release|iPhoneSimulator = Release|iPhoneSimulator
	EndGlobalSection
	GlobalSection(ProjectConfigurationPlatforms) = postSolution
		{380FD098-36A3-4847-B057-C4CDF38D3D60}.Debug|Any CPU.ActiveCfg = Debug|Any CPU
		{380FD098-36A3-4847-B057-C4CDF38D3D60}.Debug|Any CPU.Build.0 = Debug|Any CPU
		{380FD098-36A3-4847-B057-C4CDF38D3D60}.Debug|Any CPU.Deploy.0 = Debug|Any CPU
		{380FD098-36A3-4847-B057-C4CDF38D3D60}.Debug|iPhone.ActiveCfg = Debug|Any CPU
		{380FD098-36A3-4847-B057-C4CDF38D3D60}.Debug|iPhone.Build.0 = Debug|Any CPU
		{380FD098-36A3-4847-B057-C4CDF38D3D60}.Debug|iPhone.Deploy.0 = Debug|Any CPU
		{380FD098-36A3-4847-B057-C4CDF38D3D60}.Debug|iPhoneSimulator.ActiveCfg = Debug|Any CPU
		{380FD098-36A3-4847-B057-C4CDF38D3D60}.Debug|iPhoneSimulator.Build.0 = Debug|Any CPU
		{380FD098-36A3-4847-B057-C4CDF38D3D60}.Debug|iPhoneSimulator.Deploy.0 = Debug|Any CPU
		{380FD098-36A3-4847-B057-C4CDF38D3D60}.Release|Any CPU.ActiveCfg = Release|Any CPU
		{380FD098-36A3-4847-B057-C4CDF38D3D60}.Release|Any CPU.Build.0 = Release|Any CPU
		{380FD098-36A3-4847-B057-C4CDF38D3D60}.Release|Any CPU.Deploy.0 = Release|Any CPU
		{380FD098-36A3-4847-B057-C4CDF38D3D60}.Release|iPhone.ActiveCfg = Release|Any CPU
		{380FD098-36A3-4847-B057-C4CDF38D3D60}.Release|iPhone.Build.0 = Release|Any CPU
		{380FD098-36A3-4847-B057-C4CDF38D3D60}.Release|iPhone.Deploy.0 = Release|Any CPU
		{380FD098-36A3-4847-B057-C4CDF38D3D60}.Release|iPhoneSimulator.ActiveCfg = Release|Any CPU
		{380FD098-36A3-4847-B057-C4CDF38D3D60}.Release|iPhoneSimulator.Build.0 = Release|Any CPU
		{380FD098-36A3-4847-B057-C4CDF38D3D60}.Release|iPhoneSimulator.Deploy.0 = Release|Any CPU
		{20D565A0-6BE4-43E8-9E90-979B29298639}.Debug|Any CPU.ActiveCfg = Debug|iPhone
		{20D565A0-6BE4-43E8-9E90-979B29298639}.Debug|Any CPU.Build.0 = Debug|iPhone
		{20D565A0-6BE4-43E8-9E90-979B29298639}.Debug|Any CPU.Deploy.0 = Debug|iPhone
		{20D565A0-6BE4-43E8-9E90-979B29298639}.Debug|iPhone.ActiveCfg = Debug|iPhone
		{20D565A0-6BE4-43E8-9E90-979B29298639}.Debug|iPhone.Build.0 = Debug|iPhone
		{20D565A0-6BE4-43E8-9E90-979B29298639}.Debug|iPhone.Deploy.0 = Debug|iPhone
		{20D565A0-6BE4-43E8-9E90-979B29298639}.Debug|iPhoneSimulator.ActiveCfg = Debug|iPhoneSimulator
		{20D565A0-6BE4-43E8-9E90-979B29298639}.Debug|iPhoneSimulator.Build.0 = Debug|iPhoneSimulator
		{20D565A0-6BE4-43E8-9E90-979B29298639}.Debug|iPhoneSimulator.Deploy.0 = Debug|iPhoneSimulator
		{20D565A0-6BE4-43E8-9E90-979B29298639}.Release|Any CPU.ActiveCfg = Release|iPhoneSimulator
		{20D565A0-6BE4-43E8-9E90-979B29298639}.Release|Any CPU.Build.0 = Release|iPhoneSimulator
		{20D565A0-6BE4-43E8-9E90-979B29298639}.Release|Any CPU.Deploy.0 = Release|iPhoneSimulator
		{20D565A0-6BE4-43E8-9E90-979B29298639}.Release|iPhone.ActiveCfg = Release|iPhone
		{20D565A0-6BE4-43E8-9E90-979B29298639}.Release|iPhone.Build.0 = Release|iPhone
		{20D565A0-6BE4-43E8-9E90-979B29298639}.Release|iPhone.Deploy.0 = Release|iPhone
		{20D565A0-6BE4-43E8-9E90-979B29298639}.Release|iPhoneSimulator.ActiveCfg = Release|iPhoneSimulator
		{20D565A0-6BE4-43E8-9E90-979B29298639}.Release|iPhoneSimulator.Build.0 = Release|iPhoneSimulator
		{20D565A0-6BE4-43E8-9E90-979B29298639}.Release|iPhoneSimulator.Deploy.0 = Release|iPhoneSimulator
		{42D3808C-B147-4A8D-89F3-EA5D83C1E41B}.Debug|Any CPU.ActiveCfg = Debug|Any CPU
		{42D3808C-B147-4A8D-89F3-EA5D83C1E41B}.Debug|Any CPU.Build.0 = Debug|Any CPU
		{42D3808C-B147-4A8D-89F3-EA5D83C1E41B}.Debug|Any CPU.Deploy.0 = Debug|Any CPU
		{42D3808C-B147-4A8D-89F3-EA5D83C1E41B}.Debug|iPhone.ActiveCfg = Debug|Any CPU
		{42D3808C-B147-4A8D-89F3-EA5D83C1E41B}.Debug|iPhone.Build.0 = Debug|Any CPU
		{42D3808C-B147-4A8D-89F3-EA5D83C1E41B}.Debug|iPhone.Deploy.0 = Debug|Any CPU
		{42D3808C-B147-4A8D-89F3-EA5D83C1E41B}.Debug|iPhoneSimulator.ActiveCfg = Debug|Any CPU
		{42D3808C-B147-4A8D-89F3-EA5D83C1E41B}.Debug|iPhoneSimulator.Build.0 = Debug|Any CPU
		{42D3808C-B147-4A8D-89F3-EA5D83C1E41B}.Debug|iPhoneSimulator.Deploy.0 = Debug|Any CPU
		{42D3808C-B147-4A8D-89F3-EA5D83C1E41B}.Release|Any CPU.ActiveCfg = Release|Any CPU
		{42D3808C-B147-4A8D-89F3-EA5D83C1E41B}.Release|Any CPU.Build.0 = Release|Any CPU
		{42D3808C-B147-4A8D-89F3-EA5D83C1E41B}.Release|Any CPU.Deploy.0 = Release|Any CPU
		{42D3808C-B147-4A8D-89F3-EA5D83C1E41B}.Release|iPhone.ActiveCfg = Release|Any CPU
		{42D3808C-B147-4A8D-89F3-EA5D83C1E41B}.Release|iPhone.Build.0 = Release|Any CPU
		{42D3808C-B147-4A8D-89F3-EA5D83C1E41B}.Release|iPhone.Deploy.0 = Release|Any CPU
		{42D3808C-B147-4A8D-89F3-EA5D83C1E41B}.Release|iPhoneSimulator.ActiveCfg = Release|Any CPU
		{42D3808C-B147-4A8D-89F3-EA5D83C1E41B}.Release|iPhoneSimulator.Build.0 = Release|Any CPU
		{42D3808C-B147-4A8D-89F3-EA5D83C1E41B}.Release|iPhoneSimulator.Deploy.0 = Release|Any CPU
	EndGlobalSection
	GlobalSection(SolutionProperties) = preSolution
		HideSolutionNode = FALSE
	EndGlobalSection
	GlobalSection(ExtensibilityGlobals) = postSolution
		SolutionGuid = {D52E7C92-1265-4366-B0F4-DC426A2C7E94}
	EndGlobalSection
EndGlobal
